
Microsoft Visual Studio Solution File, Format Version 12.00
# Visual Studio 14
VisualStudioVersion = 14.0.25420.1
MinimumVisualStudioVersion = 10.0.40219.1
Project("{FAE04EC0-301F-11D3-BF4B-00C04F79EFBC}") = "BarcodeAttendanceSystem(WPF)", "BarcodeAttendanceSystem(WPF)\BarcodeAttendanceSystem(WPF).csproj", "{8066F50D-CCD9-4700-AE36-090E672EBCDB}"
EndProject
Project("{FAE04EC0-301F-11D3-BF4B-00C04F79EFBC}") = "Scenario.GSMSMSEngine", "..\Scenario.GSMSMSEngine\Scenario.GSMSMSEngine\Scenario.GSMSMSEngine.csproj", "{5F8A229F-4742-4BA8-AC83-876BD2314592}"
EndProject
Project("{54435603-DBB4-11D2-8724-00A0C9A8B90C}") = "Barcode_20Apr_0.201", "Barcode_20Apr_0.203\Barcode_20Apr_0.203.vdproj", "{11E8010E-4935-4236-88D0-C03C71BE342B}"
EndProject
Project("{54435603-DBB4-11D2-8724-00A0C9A8B90C}") = "RFID_31AUG_Localhost", "RFID_31AUG_Localhost\RFID_31AUG_Localhost.vdproj", "{6BCF969F-49CE-48F4-BBFC-968069E93181}"
EndProject
Project("{54435603-DBB4-11D2-8724-00A0C9A8B90C}") = "RFID_28OCT", "RFID_28OCT\RFID_28OCT.vdproj", "{A5458D07-7D24-4130-B85F-0E04E01E9D0D}"
EndProject
Global
	GlobalSection(SolutionConfigurationPlatforms) = preSolution
		Debug|Any CPU = Debug|Any CPU
		Release|Any CPU = Release|Any CPU
	EndGlobalSection
	GlobalSection(ProjectConfigurationPlatforms) = postSolution
		{8066F50D-CCD9-4700-AE36-090E672EBCDB}.Debug|Any CPU.ActiveCfg = Debug|Any CPU
		{8066F50D-CCD9-4700-AE36-090E672EBCDB}.Debug|Any CPU.Build.0 = Debug|Any CPU
		{8066F50D-CCD9-4700-AE36-090E672EBCDB}.Release|Any CPU.ActiveCfg = Release|Any CPU
		{8066F50D-CCD9-4700-AE36-090E672EBCDB}.Release|Any CPU.Build.0 = Release|Any CPU
		{5F8A229F-4742-4BA8-AC83-876BD2314592}.Debug|Any CPU.ActiveCfg = Debug|Any CPU
		{5F8A229F-4742-4BA8-AC83-876BD2314592}.Debug|Any CPU.Build.0 = Debug|Any CPU
		{5F8A229F-4742-4BA8-AC83-876BD2314592}.Release|Any CPU.ActiveCfg = Release|Any CPU
		{5F8A229F-4742-4BA8-AC83-876BD2314592}.Release|Any CPU.Build.0 = Release|Any CPU
		{11E8010E-4935-4236-88D0-C03C71BE342B}.Debug|Any CPU.ActiveCfg = Debug
		{11E8010E-4935-4236-88D0-C03C71BE342B}.Release|Any CPU.ActiveCfg = Release
		{6BCF969F-49CE-48F4-BBFC-968069E93181}.Debug|Any CPU.ActiveCfg = Debug
		{6BCF969F-49CE-48F4-BBFC-968069E93181}.Release|Any CPU.ActiveCfg = Release
		{A5458D07-7D24-4130-B85F-0E04E01E9D0D}.Debug|Any CPU.ActiveCfg = Debug
		{A5458D07-7D24-4130-B85F-0E04E01E9D0D}.Release|Any CPU.ActiveCfg = Release
	EndGlobalSection
	GlobalSection(SolutionProperties) = preSolution
		HideSolutionNode = FALSE
	EndGlobalSection
EndGlobal
