
Microsoft Visual Studio Solution File, Format Version 12.00
# Visual Studio 15
VisualStudioVersion = 15.0.28307.1259
MinimumVisualStudioVersion = 10.0.40219.1
Project("{FAE04EC0-301F-11D3-BF4B-00C04F79EFBC}") = "BarcodeAttendanceSystem(WPF)", "BarcodeAttendanceSystem(WPF)\BarcodeAttendanceSystem(WPF).csproj", "{8066F50D-CCD9-4700-AE36-090E672EBCDB}"
EndProject
Project("{FAE04EC0-301F-11D3-BF4B-00C04F79EFBC}") = "Scenario.GSMSMSEngine", "Scenario.GSMSMSEngine\Scenario.GSMSMSEngine.csproj", "{875478EA-DD88-4B97-90FD-F3ECD4EBD8F2}"
EndProject
Global
	GlobalSection(SolutionConfigurationPlatforms) = preSolution
		Debug|Any CPU = Debug|Any CPU
		Release|Any CPU = Release|Any CPU
	EndGlobalSection
	GlobalSection(ProjectConfigurationPlatforms) = postSolution
		{8066F50D-CCD9-4700-AE36-090E672EBCDB}.Debug|Any CPU.ActiveCfg = Debug|Any CPU
		{8066F50D-CCD9-4700-AE36-090E672EBCDB}.Debug|Any CPU.Build.0 = Debug|Any CPU
		{8066F50D-CCD9-4700-AE36-090E672EBCDB}.Release|Any CPU.ActiveCfg = Release|Any CPU
		{8066F50D-CCD9-4700-AE36-090E672EBCDB}.Release|Any CPU.Build.0 = Release|Any CPU
		{875478EA-DD88-4B97-90FD-F3ECD4EBD8F2}.Debug|Any CPU.ActiveCfg = Debug|Any CPU
		{875478EA-DD88-4B97-90FD-F3ECD4EBD8F2}.Debug|Any CPU.Build.0 = Debug|Any CPU
		{875478EA-DD88-4B97-90FD-F3ECD4EBD8F2}.Release|Any CPU.ActiveCfg = Release|Any CPU
		{875478EA-DD88-4B97-90FD-F3ECD4EBD8F2}.Release|Any CPU.Build.0 = Release|Any CPU
	EndGlobalSection
	GlobalSection(SolutionProperties) = preSolution
		HideSolutionNode = FALSE
	EndGlobalSection
	GlobalSection(ExtensibilityGlobals) = postSolution
		SolutionGuid = {7410303A-1C76-4A45-9429-9D3760387ECB}
	EndGlobalSection
EndGlobal
